// !$*UTF8*$!
{
	archiveVersion = 1;
	classes = {
	};
	objectVersion = 46;
	objects = {

/* Begin PBXBuildFile section */
		93E459A8150FFDCA00808553 /* UIKit.framework in Frameworks */ = {isa = PBXBuildFile; fileRef = 93E459A7150FFDCA00808553 /* UIKit.framework */; };
		93E459AA150FFDCA00808553 /* Foundation.framework in Frameworks */ = {isa = PBXBuildFile; fileRef = 93E459A9150FFDCA00808553 /* Foundation.framework */; };
		93E459AC150FFDCA00808553 /* CoreGraphics.framework in Frameworks */ = {isa = PBXBuildFile; fileRef = 93E459AB150FFDCA00808553 /* CoreGraphics.framework */; };
		93E459B2150FFDCA00808553 /* InfoPlist.strings in Resources */ = {isa = PBXBuildFile; fileRef = 93E459B0150FFDCA00808553 /* InfoPlist.strings */; };
		93E459B4150FFDCA00808553 /* main.m in Sources */ = {isa = PBXBuildFile; fileRef = 93E459B3150FFDCA00808553 /* main.m */; };
		93E459B8150FFDCA00808553 /* AppDelegate.m in Sources */ = {isa = PBXBuildFile; fileRef = 93E459B7150FFDCA00808553 /* AppDelegate.m */; };
/* End PBXBuildFile section */

/* Begin PBXFileReference section */
		93E459A3150FFDCA00808553 /* ContatosIP67_2.app */ = {isa = PBXFileReference; explicitFileType = wrapper.application; includeInIndex = 0; path = ContatosIP67_2.app; sourceTree = BUILT_PRODUCTS_DIR; };
		93E459A7150FFDCA00808553 /* UIKit.framework */ = {isa = PBXFileReference; lastKnownFileType = wrapper.framework; name = UIKit.framework; path = System/Library/Frameworks/UIKit.framework; sourceTree = SDKROOT; };
		93E459A9150FFDCA00808553 /* Foundation.framework */ = {isa = PBXFileReference; lastKnownFileType = wrapper.framework; name = Foundation.framework; path = System/Library/Frameworks/Foundation.framework; sourceTree = SDKROOT; };
		93E459AB150FFDCA00808553 /* CoreGraphics.framework */ = {isa = PBXFileReference; lastKnownFileType = wrapper.framework; name = CoreGraphics.framework; path = System/Library/Frameworks/CoreGraphics.framework; sourceTree = SDKROOT; };
		93E459AF150FFDCA00808553 /* ContatosIP67_2-Info.plist */ = {isa = PBXFileReference; lastKnownFileType = text.plist.xml; path = "ContatosIP67_2-Info.plist"; sourceTree = "<group>"; };
		93E459B1150FFDCA00808553 /* en */ = {isa = PBXFileReference; lastKnownFileType = text.plist.strings; name = en; path = en.lproj/InfoPlist.strings; sourceTree = "<group>"; };
		93E459B3150FFDCA00808553 /* main.m */ = {isa = PBXFileReference; lastKnownFileType = sourcecode.c.objc; path = main.m; sourceTree = "<group>"; };
		93E459B5150FFDCA00808553 /* ContatosIP67_2-Prefix.pch */ = {isa = PBXFileReference; lastKnownFileType = sourcecode.c.h; path = "ContatosIP67_2-Prefix.pch"; sourceTree = "<group>"; };
		93E459B6150FFDCA00808553 /* AppDelegate.h */ = {isa = PBXFileReference; lastKnownFileType = sourcecode.c.h; path = AppDelegate.h; sourceTree = "<group>"; };
		93E459B7150FFDCA00808553 /* AppDelegate.m */ = {isa = PBXFileReference; lastKnownFileType = sourcecode.c.objc; path = AppDelegate.m; sourceTree = "<group>"; };
/* End PBXFileReference section */

/* Begin PBXFrameworksBuildPhase section */
		93E459A0150FFDCA00808553 /* Frameworks */ = {
			isa = PBXFrameworksBuildPhase;
			buildActionMask = 2147483647;
			files = (
				93E459A8150FFDCA00808553 /* UIKit.framework in Frameworks */,
				93E459AA150FFDCA00808553 /* Foundation.framework in Frameworks */,
				93E459AC150FFDCA00808553 /* CoreGraphics.framework in Frameworks */,
			);
			runOnlyForDeploymentPostprocessing = 0;
		};
/* End PBXFrameworksBuildPhase section */

/* Begin PBXGroup section */
		93E45998150FFDCA00808553 = {
			isa = PBXGroup;
			children = (
				93E459AD150FFDCA00808553 /* ContatosIP67_2 */,
				93E459A6150FFDCA00808553 /* Frameworks */,
				93E459A4150FFDCA00808553 /* Products */,
			);
			sourceTree = "<group>";
		};
		93E459A4150FFDCA00808553 /* Products */ = {
			isa = PBXGroup;
			children = (
				93E459A3150FFDCA00808553 /* ContatosIP67_2.app */,
			);
			name = Products;
			sourceTree = "<group>";
		};
		93E459A6150FFDCA00808553 /* Frameworks */ = {
			isa = PBXGroup;
			children = (
				93E459A7150FFDCA00808553 /* UIKit.framework */,
				93E459A9150FFDCA00808553 /* Foundation.framework */,
				93E459AB150FFDCA00808553 /* CoreGraphics.framework */,
			);
			name = Frameworks;
			sourceTree = "<group>";
		};
		93E459AD150FFDCA00808553 /* ContatosIP67_2 */ = {
			isa = PBXGroup;
			children = (
				93E459B6150FFDCA00808553 /* AppDelegate.h */,
				93E459B7150FFDCA00808553 /* AppDelegate.m */,
				93E459AE150FFDCA00808553 /* Supporting Files */,
			);
			path = ContatosIP67_2;
			sourceTree = "<group>";
		};
		93E459AE150FFDCA00808553 /* Supporting Files */ = {
			isa = PBXGroup;
			children = (
				93E459AF150FFDCA00808553 /* ContatosIP67_2-Info.plist */,
				93E459B0150FFDCA00808553 /* InfoPlist.strings */,
				93E459B3150FFDCA00808553 /* main.m */,
				93E459B5150FFDCA00808553 /* ContatosIP67_2-Prefix.pch */,
			);
			name = "Supporting Files";
			sourceTree = "<group>";
		};
/* End PBXGroup section */

/* Begin PBXNativeTarget section */
		93E459A2150FFDCA00808553 /* ContatosIP67_2 */ = {
			isa = PBXNativeTarget;
			buildConfigurationList = 93E459BB150FFDCA00808553 /* Build configuration list for PBXNativeTarget "ContatosIP67_2" */;
			buildPhases = (
				93E4599F150FFDCA00808553 /* Sources */,
				93E459A0150FFDCA00808553 /* Frameworks */,
				93E459A1150FFDCA00808553 /* Resources */,
			);
			buildRules = (
			);
			dependencies = (
			);
			name = ContatosIP67_2;
			productName = ContatosIP67_2;
			productReference = 93E459A3150FFDCA00808553 /* ContatosIP67_2.app */;
			productType = "com.apple.product-type.application";
		};
/* End PBXNativeTarget section */

/* Begin PBXProject section */
		93E4599A150FFDCA00808553 /* Project object */ = {
			isa = PBXProject;
			attributes = {
				LastUpgradeCheck = 0420;
			};
			buildConfigurationList = 93E4599D150FFDCA00808553 /* Build configuration list for PBXProject "ContatosIP67_2" */;
			compatibilityVersion = "Xcode 3.2";
			developmentRegion = English;
			hasScannedForEncodings = 0;
			knownRegions = (
				en,
			);
			mainGroup = 93E45998150FFDCA00808553;
			productRefGroup = 93E459A4150FFDCA00808553 /* Products */;
			projectDirPath = "";
			projectRoot = "";
			targets = (
				93E459A2150FFDCA00808553 /* ContatosIP67_2 */,
			);
		};
/* End PBXProject section */

/* Begin PBXResourcesBuildPhase section */
		93E459A1150FFDCA00808553 /* Resources */ = {
			isa = PBXResourcesBuildPhase;
			buildActionMask = 2147483647;
			files = (
				93E459B2150FFDCA00808553 /* InfoPlist.strings in Resources */,
			);
			runOnlyForDeploymentPostprocessing = 0;
		};
/* End PBXResourcesBuildPhase section */

/* Begin PBXSourcesBuildPhase section */
		93E4599F150FFDCA00808553 /* Sources */ = {
			isa = PBXSourcesBuildPhase;
			buildActionMask = 2147483647;
			files = (
				93E459B4150FFDCA00808553 /* main.m in Sources */,
				93E459B8150FFDCA00808553 /* AppDelegate.m in Sources */,
			);
			runOnlyForDeploymentPostprocessing = 0;
		};
/* End PBXSourcesBuildPhase section */

/* Begin PBXVariantGroup section */
		93E459B0150FFDCA00808553 /* InfoPlist.strings */ = {
			isa = PBXVariantGroup;
			children = (
				93E459B1150FFDCA00808553 /* en */,
			);
			name = InfoPlist.strings;
			sourceTree = "<group>";
		};
/* End PBXVariantGroup section */

/* Begin XCBuildConfiguration section */
		93E459B9150FFDCA00808553 /* Debug */ = {
			isa = XCBuildConfiguration;
			buildSettings = {
				ALWAYS_SEARCH_USER_PATHS = NO;
				ARCHS = "$(ARCHS_STANDARD_32_BIT)";
				CLANG_ENABLE_OBJC_ARC = YES;
				"CODE_SIGN_IDENTITY[sdk=iphoneos*]" = "iPhone Developer";
				COPY_PHASE_STRIP = NO;
				GCC_C_LANGUAGE_STANDARD = gnu99;
				GCC_DYNAMIC_NO_PIC = NO;
				GCC_OPTIMIZATION_LEVEL = 0;
				GCC_PREPROCESSOR_DEFINITIONS = (
					"DEBUG=1",
					"$(inherited)",
				);
				GCC_SYMBOLS_PRIVATE_EXTERN = NO;
				GCC_VERSION = com.apple.compilers.llvm.clang.1_0;
				GCC_WARN_ABOUT_MISSING_PROTOTYPES = YES;
				GCC_WARN_ABOUT_RETURN_TYPE = YES;
				GCC_WARN_UNUSED_VARIABLE = YES;
				IPHONEOS_DEPLOYMENT_TARGET = 5.0;
				SDKROOT = iphoneos;
			};
			name = Debug;
		};
		93E459BA150FFDCA00808553 /* Release */ = {
			isa = XCBuildConfiguration;
			buildSettings = {
				ALWAYS_SEARCH_USER_PATHS = NO;
				ARCHS = "$(ARCHS_STANDARD_32_BIT)";
				CLANG_ENABLE_OBJC_ARC = YES;
				"CODE_SIGN_IDENTITY[sdk=iphoneos*]" = "iPhone Developer";
				COPY_PHASE_STRIP = YES;
				GCC_C_LANGUAGE_STANDARD = gnu99;
				GCC_VERSION = com.apple.compilers.llvm.clang.1_0;
				GCC_WARN_ABOUT_MISSING_PROTOTYPES = YES;
				GCC_WARN_ABOUT_RETURN_TYPE = YES;
				GCC_WARN_UNUSED_VARIABLE = YES;
				IPHONEOS_DEPLOYMENT_TARGET = 5.0;
				OTHER_CFLAGS = "-DNS_BLOCK_ASSERTIONS=1";
				SDKROOT = iphoneos;
				VALIDATE_PRODUCT = YES;
			};
			name = Release;
		};
		93E459BC150FFDCA00808553 /* Debug */ = {
			isa = XCBuildConfiguration;
			buildSettings = {
				GCC_PRECOMPILE_PREFIX_HEADER = YES;
				GCC_PREFIX_HEADER = "ContatosIP67_2/ContatosIP67_2-Prefix.pch";
				INFOPLIST_FILE = "ContatosIP67_2/ContatosIP67_2-Info.plist";
				PRODUCT_NAME = "$(TARGET_NAME)";
				WRAPPER_EXTENSION = app;
			};
			name = Debug;
		};
		93E459BD150FFDCA00808553 /* Release */ = {
			isa = XCBuildConfiguration;
			buildSettings = {
				GCC_PRECOMPILE_PREFIX_HEADER = YES;
				GCC_PREFIX_HEADER = "ContatosIP67_2/ContatosIP67_2-Prefix.pch";
				INFOPLIST_FILE = "ContatosIP67_2/ContatosIP67_2-Info.plist";
				PRODUCT_NAME = "$(TARGET_NAME)";
				WRAPPER_EXTENSION = app;
			};
			name = Release;
		};
/* End XCBuildConfiguration section */

/* Begin XCConfigurationList section */
		93E4599D150FFDCA00808553 /* Build configuration list for PBXProject "ContatosIP67_2" */ = {
			isa = XCConfigurationList;
			buildConfigurations = (
				93E459B9150FFDCA00808553 /* Debug */,
				93E459BA150FFDCA00808553 /* Release */,
			);
			defaultConfigurationIsVisible = 0;
			defaultConfigurationName = Release;
		};
		93E459BB150FFDCA00808553 /* Build configuration list for PBXNativeTarget "ContatosIP67_2" */ = {
			isa = XCConfigurationList;
			buildConfigurations = (
				93E459BC150FFDCA00808553 /* Debug */,
				93E459BD150FFDCA00808553 /* Release */,
			);
			defaultConfigurationIsVisible = 0;
		};
/* End XCConfigurationList section */
	};
	rootObject = 93E4599A150FFDCA00808553 /* Project object */;
}
